
Microsoft Visual Studio Solution File, Format Version 12.00
Project("{FAE04EC0-301F-11D3-BF4B-00C04F79EFBC}") = "ProblemSolving", "ProblemSolving\ProblemSolving.csproj", "{CBFE80D9-BDA9-436A-822C-61C9EE5826F3}"
EndProject
Global
	GlobalSection(SolutionConfigurationPlatforms) = preSolution
		Debug|Any CPU = Debug|Any CPU
		Release|Any CPU = Release|Any CPU
	EndGlobalSection
	GlobalSection(ProjectConfigurationPlatforms) = postSolution
		{CBFE80D9-BDA9-436A-822C-61C9EE5826F3}.Debug|Any CPU.ActiveCfg = Debug|Any CPU
		{CBFE80D9-BDA9-436A-822C-61C9EE5826F3}.Debug|Any CPU.Build.0 = Debug|Any CPU
		{CBFE80D9-BDA9-436A-822C-61C9EE5826F3}.Release|Any CPU.ActiveCfg = Release|Any CPU
		{CBFE80D9-BDA9-436A-822C-61C9EE5826F3}.Release|Any CPU.Build.0 = Release|Any CPU
	EndGlobalSection
EndGlobal
